
Microsoft Visual Studio Solution File, Format Version 12.00
# Visual Studio Version 17
VisualStudioVersion = 17.14.36327.8 d17.14
MinimumVisualStudioVersion = 10.0.40219.1
Project("{FAE04EC0-301F-11D3-BF4B-00C04F79EFBC}") = "flappyBirdServeur", "flappyBirdServeur.csproj", "{4788BF28-C4FF-486A-B987-711D4D3E8066}"
EndProject
Global
	GlobalSection(SolutionConfigurationPlatforms) = preSolution
		Debug|Any CPU = Debug|Any CPU
		Release|Any CPU = Release|Any CPU
	EndGlobalSection
	GlobalSection(ProjectConfigurationPlatforms) = postSolution
		{4788BF28-C4FF-486A-B987-711D4D3E8066}.Debug|Any CPU.ActiveCfg = Debug|Any CPU
		{4788BF28-C4FF-486A-B987-711D4D3E8066}.Debug|Any CPU.Build.0 = Debug|Any CPU
		{4788BF28-C4FF-486A-B987-711D4D3E8066}.Release|Any CPU.ActiveCfg = Release|Any CPU
		{4788BF28-C4FF-486A-B987-711D4D3E8066}.Release|Any CPU.Build.0 = Release|Any CPU
	EndGlobalSection
	GlobalSection(SolutionProperties) = preSolution
		HideSolutionNode = FALSE
	EndGlobalSection
	GlobalSection(ExtensibilityGlobals) = postSolution
		SolutionGuid = {8974C308-D560-4A93-83F5-76BEDC9C95AE}
	EndGlobalSection
EndGlobal
